{
  "name": "skill-credentials",
  "version": "0.1.0",
  "lockfileVersion": 3,
  "requires": true,
  "packages": {
    "": {
      "name": "skill-credentials",
      "version": "0.1.0",
      "dependencies": {
        "@napi-rs/keyring": "2.0.0"
      },
      "devDependencies": {
        "@types/node": "22.20.1",
        "typescript": "~5.9.3"
      },
      "engines": {
        "node": ">=22.18.0"
      }
    },
    "node_modules/@napi-rs/keyring": {
      "version": "2.0.0",
      "resolved": "https://registry.npmjs.org/@napi-rs/keyring/-/keyring-2.0.0.tgz",
      "integrity": "sha512-TnrIt0nO9U2Ue9E9vJQjso1hqhIYiGrn2Ew1HBsMSqQe4+ceOqPJJwRVsV0/Wy7pqp04/doOLASyIFM3gGwZJw==",
      "license": "MIT",
      "engines": {
        "node": ">= 10"
      },
      "funding": {
        "type": "github",
        "url": "https://github.com/sponsors/Brooooooklyn"
      },
      "optionalDependencies": {
        "@napi-rs/keyring-darwin-arm64": "2.0.0",
        "@napi-rs/keyring-darwin-x64": "2.0.0",
        "@napi-rs/keyring-freebsd-x64": "2.0.0",
        "@napi-rs/keyring-linux-arm-gnueabihf": "2.0.0",
        "@napi-rs/keyring-linux-arm64-gnu": "2.0.0",
        "@napi-rs/keyring-linux-arm64-musl": "2.0.0",
        "@napi-rs/keyring-linux-riscv64-gnu": "2.0.0",
        "@napi-rs/keyring-linux-x64-gnu": "2.0.0",
        "@napi-rs/keyring-linux-x64-musl": "2.0.0",
        "@napi-rs/keyring-win32-arm64-msvc": "2.0.0",
        "@napi-rs/keyring-win32-ia32-msvc": "2.0.0",
        "@napi-rs/keyring-win32-x64-msvc": "2.0.0"
      }
    },
    "node_modules/@napi-rs/keyring-darwin-arm64": {
      "version": "2.0.0",
      "resolved": "https://registry.npmjs.org/@napi-rs/keyring-darwin-arm64/-/keyring-darwin-arm64-2.0.0.tgz",
      "integrity": "sha512-yvIfviiXpsDSsPdyzWWd7STZt7v774biPfMBpWkiK7rwauwWbOmVjUzgiJ11rbhJbWLqXE3CuQMyLgvcbm3jIA==",
      "cpu": [
        "arm64"
      ],
      "license": "MIT",
      "optional": true,
      "os": [
        "darwin"
      ],
      "engines": {
        "node": ">= 10"
      }
    },
    "node_modules/@napi-rs/keyring-darwin-x64": {
      "version": "2.0.0",
      "resolved": "https://registry.npmjs.org/@napi-rs/keyring-darwin-x64/-/keyring-darwin-x64-2.0.0.tgz",
      "integrity": "sha512-XJUONH0c5cg7M9/1Vj3WeIi8TtWYdZlo8Jqho09ga8OWm9cFNxUv7+4QZx5UK/3JSp2qiyhTlresyKdcpwpnRw==",
      "cpu": [
        "x64"
      ],
      "license": "MIT",
      "optional": true,
      "os": [
        "darwin"
      ],
      "engines": {
        "node": ">= 10"
      }
    },
    "node_modules/@napi-rs/keyring-freebsd-x64": {
      "version": "2.0.0",
      "resolved": "https://registry.npmjs.org/@napi-rs/keyring-freebsd-x64/-/keyring-freebsd-x64-2.0.0.tgz",
      "integrity": "sha512-u/M114J9Lp3RqtIZihIqhvreNQ5f8wgLFo9tJFy+bIIO/xEHkMR0LENrfUF8hSY6FTNyS2kSbbkN6yOItBFY5g==",
      "cpu": [
        "x64"
      ],
      "license": "MIT",
      "optional": true,
      "os": [
        "freebsd"
      ],
      "engines": {
        "node": ">= 10"
      }
    },
    "node_modules/@napi-rs/keyring-linux-arm-gnueabihf": {
      "version": "2.0.0",
      "resolved": "https://registry.npmjs.org/@napi-rs/keyring-linux-arm-gnueabihf/-/keyring-linux-arm-gnueabihf-2.0.0.tgz",
      "integrity": "sha512-CHMv/KTuELo/MsrGUha52KrFGPBuBkeAonnMFUd3nNcxBTSmeJbCAZTuVSXzpessdpb4tT9xIMQsv2ZdWrl8iw==",
      "cpu": [
        "arm"
      ],
      "license": "MIT",
      "optional": true,
      "os": [
        "linux"
      ],
      "engines": {
        "node": ">= 10"
      }
    },
    "node_modules/@napi-rs/keyring-linux-arm64-gnu": {
      "version": "2.0.0",
      "resolved": "https://registry.npmjs.org/@napi-rs/keyring-linux-arm64-gnu/-/keyring-linux-arm64-gnu-2.0.0.tgz",
      "integrity": "sha512-BeUUPGSnW026yDGT4pKuNXDnwxw0xslwiSK6cuOIsDNLi3UO93rfF/7moqKznrBldgsZr8pl9LkMdRk8bnbjEA==",
      "cpu": [
        "arm64"
      ],
      "license": "MIT",
      "optional": true,
      "os": [
        "linux"
      ],
      "engines": {
        "node": ">= 10"
      }
    },
    "node_modules/@napi-rs/keyring-linux-arm64-musl": {
      "version": "2.0.0",
      "resolved": "https://registry.npmjs.org/@napi-rs/keyring-linux-arm64-musl/-/keyring-linux-arm64-musl-2.0.0.tgz",
      "integrity": "sha512-zj7wZ23Vs7SL4odnGDbWnhZhiyrnEgBe4+8dzKHDi1mTBX1d00FYlGOubkjvx3AeK7mm6G2FyFDDFqIxyR82gA==",
      "cpu": [
        "arm64"
      ],
      "license": "MIT",
      "optional": true,
      "os": [
        "linux"
      ],
      "engines": {
        "node": ">= 10"
      }
    },
    "node_modules/@napi-rs/keyring-linux-riscv64-gnu": {
      "version": "2.0.0",
      "resolved": "https://registry.npmjs.org/@napi-rs/keyring-linux-riscv64-gnu/-/keyring-linux-riscv64-gnu-2.0.0.tgz",
      "integrity": "sha512-xk/1SOhuk2yQvXiN+pBhR4njSfquLm1SUKUIJcPIeYV1bHFXbUsYrXdfy4NtynSW0lhs41zWjLXSdE8TLeTt2g==",
      "cpu": [
        "riscv64"
      ],
      "license": "MIT",
      "optional": true,
      "os": [
        "linux"
      ],
      "engines": {
        "node": ">= 10"
      }
    },
    "node_modules/@napi-rs/keyring-linux-x64-gnu": {
      "version": "2.0.0",
      "resolved": "https://registry.npmjs.org/@napi-rs/keyring-linux-x64-gnu/-/keyring-linux-x64-gnu-2.0.0.tgz",
      "integrity": "sha512-12Dq6t2TOrQTibcJcfV5bnHbTvMwEz6zSDqQLHMO2x388gGFQBAeEvw7Hmt+R1QavxspTa2ptgI7axomu9TH+w==",
      "cpu": [
        "x64"
      ],
      "license": "MIT",
      "optional": true,
      "os": [
        "linux"
      ],
      "engines": {
        "node": ">= 10"
      }
    },
    "node_modules/@napi-rs/keyring-linux-x64-musl": {
      "version": "2.0.0",
      "resolved": "https://registry.npmjs.org/@napi-rs/keyring-linux-x64-musl/-/keyring-linux-x64-musl-2.0.0.tgz",
      "integrity": "sha512-7NJZvFUiL1FPCrSIQ1L4IUzN6l/2zoxT3IN6j3rHTuDdIEunJaycrUovDMvPlBNP1Vh3fSYz6Pp7tFjdt/1/oQ==",
      "cpu": [
        "x64"
      ],
      "license": "MIT",
      "optional": true,
      "os": [
        "linux"
      ],
      "engines": {
        "node": ">= 10"
      }
    },
    "node_modules/@napi-rs/keyring-win32-arm64-msvc": {
      "version": "2.0.0",
      "resolved": "https://registry.npmjs.org/@napi-rs/keyring-win32-arm64-msvc/-/keyring-win32-arm64-msvc-2.0.0.tgz",
      "integrity": "sha512-JTktZGXKow0HF/rhaZiQYB8DUS/iSX7S7FvJDoGxPT8mGavKE3w/vadtfKSBNDL4uGef3wu2Ll0XxSfDKBsm2Q==",
      "cpu": [
        "arm64"
      ],
      "license": "MIT",
      "optional": true,
      "os": [
        "win32"
      ],
      "engines": {
        "node": ">= 10"
      }
    },
    "node_modules/@napi-rs/keyring-win32-ia32-msvc": {
      "version": "2.0.0",
      "resolved": "https://registry.npmjs.org/@napi-rs/keyring-win32-ia32-msvc/-/keyring-win32-ia32-msvc-2.0.0.tgz",
      "integrity": "sha512-AzvIFTqn1hJzCPu0foeYWn+kXruAIrVq3Z2IfJ24WPbIXUdD7+rcj49fqco7b14Z6C1aUfsSTyvrAgDfUWhKvA==",
      "cpu": [
        "ia32"
      ],
      "license": "MIT",
      "optional": true,
      "os": [
        "win32"
      ],
      "engines": {
        "node": ">= 10"
      }
    },
    "node_modules/@napi-rs/keyring-win32-x64-msvc": {
      "version": "2.0.0",
      "resolved": "https://registry.npmjs.org/@napi-rs/keyring-win32-x64-msvc/-/keyring-win32-x64-msvc-2.0.0.tgz",
      "integrity": "sha512-POpEUTV6U+pb69cpuOgtLV4xhcyEWDWq+/9zdiZmNxTL1AenE0MllWrbepS+Hng4M7EarQ5TB3kX69ASqGwfIw==",
      "cpu": [
        "x64"
      ],
      "license": "MIT",
      "optional": true,
      "os": [
        "win32"
      ],
      "engines": {
        "node": ">= 10"
      }
    },
    "node_modules/@types/node": {
      "version": "22.20.1",
      "resolved": "https://registry.npmjs.org/@types/node/-/node-22.20.1.tgz",
      "integrity": "sha512-EANqOCF9QFyra+4pfxUcX9STKJpCLjMbObVzljIJomAWSnuSIEAvyzEU53GaajbXJEgdh0iEcPL+DGvpUd4k1Q==",
      "dev": true,
      "license": "MIT",
      "dependencies": {
        "undici-types": "~6.21.0"
      }
    },
    "node_modules/typescript": {
      "version": "5.9.3",
      "resolved": "https://registry.npmjs.org/typescript/-/typescript-5.9.3.tgz",
      "integrity": "sha512-jl1vZzPDinLr9eUt3J/t7V6FgNEw9QjvBPdysz9KfQDD41fQrC2Y4vKQdiaUpFT4bXlb1RHhLpp8wtm6M5TgSw==",
      "dev": true,
      "license": "Apache-2.0",
      "bin": {
        "tsc": "bin/tsc",
        "tsserver": "bin/tsserver"
      },
      "engines": {
        "node": ">=14.17"
      }
    },
    "node_modules/undici-types": {
      "version": "6.21.0",
      "resolved": "https://registry.npmjs.org/undici-types/-/undici-types-6.21.0.tgz",
      "integrity": "sha512-iwDZqg0QAGrg9Rav5H4n0M64c3mkR59cJ6wQp+7C4nI0gsmExaedaYLNO44eT4AtBBwjbTiGPMlt2Md0T9H9JQ==",
      "dev": true,
      "license": "MIT"
    }
  }
}
